// !$*UTF8*$!
{
	archiveVersion = 1;
	classes = {
	};
	objectVersion = 46;
	objects = {

/* Begin PBXBuildFile section */
		EA5229751EC76045006BB516 /* AppDelegate.swift in Sources */ = {isa = PBXBuildFile; fileRef = EA5229741EC76045006BB516 /* AppDelegate.swift */; };
		EA5229771EC76045006BB516 /* ViewController.swift in Sources */ = {isa = PBXBuildFile; fileRef = EA5229761EC76045006BB516 /* ViewController.swift */; };
		EA52297A1EC76045006BB516 /* Main.storyboard in Resources */ = {isa = PBXBuildFile; fileRef = EA5229781EC76045006BB516 /* Main.storyboard */; };
		EA52297C1EC76045006BB516 /* Assets.xcassets in Resources */ = {isa = PBXBuildFile; fileRef = EA52297B1EC76045006BB516 /* Assets.xcassets */; };
		EA52297F1EC76045006BB516 /* LaunchScreen.storyboard in Resources */ = {isa = PBXBuildFile; fileRef = EA52297D1EC76045006BB516 /* LaunchScreen.storyboard */; };
		EAFC32731EC89EE1000AEE89 /* Nibloadable.swift in Sources */ = {isa = PBXBuildFile; fileRef = EAFC32721EC89EE1000AEE89 /* Nibloadable.swift */; };
		EAFC32761EC8A100000AEE89 /* Reusable.swift in Sources */ = {isa = PBXBuildFile; fileRef = EAFC32751EC8A100000AEE89 /* Reusable.swift */; };
/* End PBXBuildFile section */

/* Begin PBXFileReference section */
		EA5229711EC76045006BB516 /* SwiftSugar.app */ = {isa = PBXFileReference; explicitFileType = wrapper.application; includeInIndex = 0; path = SwiftSugar.app; sourceTree = BUILT_PRODUCTS_DIR; };
		EA5229741EC76045006BB516 /* AppDelegate.swift */ = {isa = PBXFileReference; lastKnownFileType = sourcecode.swift; path = AppDelegate.swift; sourceTree = "<group>"; };
		EA5229761EC76045006BB516 /* ViewController.swift */ = {isa = PBXFileReference; lastKnownFileType = sourcecode.swift; path = ViewController.swift; sourceTree = "<group>"; };
		EA5229791EC76045006BB516 /* Base */ = {isa = PBXFileReference; lastKnownFileType = file.storyboard; name = Base; path = Base.lproj/Main.storyboard; sourceTree = "<group>"; };
		EA52297B1EC76045006BB516 /* Assets.xcassets */ = {isa = PBXFileReference; lastKnownFileType = folder.assetcatalog; path = Assets.xcassets; sourceTree = "<group>"; };
		EA52297E1EC76045006BB516 /* Base */ = {isa = PBXFileReference; lastKnownFileType = file.storyboard; name = Base; path = Base.lproj/LaunchScreen.storyboard; sourceTree = "<group>"; };
		EA5229801EC76045006BB516 /* Info.plist */ = {isa = PBXFileReference; lastKnownFileType = text.plist.xml; path = Info.plist; sourceTree = "<group>"; };
		EAFC32721EC89EE1000AEE89 /* Nibloadable.swift */ = {isa = PBXFileReference; fileEncoding = 4; lastKnownFileType = sourcecode.swift; path = Nibloadable.swift; sourceTree = "<group>"; };
		EAFC32751EC8A100000AEE89 /* Reusable.swift */ = {isa = PBXFileReference; fileEncoding = 4; lastKnownFileType = sourcecode.swift; path = Reusable.swift; sourceTree = "<group>"; };
/* End PBXFileReference section */

/* Begin PBXFrameworksBuildPhase section */
		EA52296E1EC76045006BB516 /* Frameworks */ = {
			isa = PBXFrameworksBuildPhase;
			buildActionMask = 2147483647;
			files = (
			);
			runOnlyForDeploymentPostprocessing = 0;
		};
/* End PBXFrameworksBuildPhase section */

/* Begin PBXGroup section */
		EA5229681EC76045006BB516 = {
			isa = PBXGroup;
			children = (
				EA5229731EC76045006BB516 /* SwiftSugar */,
				EA5229721EC76045006BB516 /* Products */,
			);
			sourceTree = "<group>";
		};
		EA5229721EC76045006BB516 /* Products */ = {
			isa = PBXGroup;
			children = (
				EA5229711EC76045006BB516 /* SwiftSugar.app */,
			);
			name = Products;
			sourceTree = "<group>";
		};
		EA5229731EC76045006BB516 /* SwiftSugar */ = {
			isa = PBXGroup;
			children = (
				EA5229741EC76045006BB516 /* AppDelegate.swift */,
				EA5229761EC76045006BB516 /* ViewController.swift */,
				EAFC32721EC89EE1000AEE89 /* Nibloadable.swift */,
				EAFC32751EC8A100000AEE89 /* Reusable.swift */,
				EAFC32741EC89EF2000AEE89 /* Resources */,
			);
			path = SwiftSugar;
			sourceTree = "<group>";
		};
		EAFC32741EC89EF2000AEE89 /* Resources */ = {
			isa = PBXGroup;
			children = (
				EA5229781EC76045006BB516 /* Main.storyboard */,
				EA52297B1EC76045006BB516 /* Assets.xcassets */,
				EA52297D1EC76045006BB516 /* LaunchScreen.storyboard */,
				EA5229801EC76045006BB516 /* Info.plist */,
			);
			name = Resources;
			sourceTree = "<group>";
		};
/* End PBXGroup section */

/* Begin PBXNativeTarget section */
		EA5229701EC76045006BB516 /* SwiftSugar */ = {
			isa = PBXNativeTarget;
			buildConfigurationList = EA5229831EC76045006BB516 /* Build configuration list for PBXNativeTarget "SwiftSugar" */;
			buildPhases = (
				EA52296D1EC76045006BB516 /* Sources */,
				EA52296E1EC76045006BB516 /* Frameworks */,
				EA52296F1EC76045006BB516 /* Resources */,
			);
			buildRules = (
			);
			dependencies = (
			);
			name = SwiftSugar;
			productName = SwiftSugar;
			productReference = EA5229711EC76045006BB516 /* SwiftSugar.app */;
			productType = "com.apple.product-type.application";
		};
/* End PBXNativeTarget section */

/* Begin PBXProject section */
		EA5229691EC76045006BB516 /* Project object */ = {
			isa = PBXProject;
			attributes = {
				LastSwiftUpdateCheck = 0830;
				LastUpgradeCheck = 0830;
				ORGANIZATIONNAME = "袁小荣";
				TargetAttributes = {
					EA5229701EC76045006BB516 = {
						CreatedOnToolsVersion = 8.3.2;
						DevelopmentTeam = T868H8UY96;
						ProvisioningStyle = Automatic;
					};
				};
			};
			buildConfigurationList = EA52296C1EC76045006BB516 /* Build configuration list for PBXProject "SwiftSugar" */;
			compatibilityVersion = "Xcode 3.2";
			developmentRegion = English;
			hasScannedForEncodings = 0;
			knownRegions = (
				en,
				Base,
			);
			mainGroup = EA5229681EC76045006BB516;
			productRefGroup = EA5229721EC76045006BB516 /* Products */;
			projectDirPath = "";
			projectRoot = "";
			targets = (
				EA5229701EC76045006BB516 /* SwiftSugar */,
			);
		};
/* End PBXProject section */

/* Begin PBXResourcesBuildPhase section */
		EA52296F1EC76045006BB516 /* Resources */ = {
			isa = PBXResourcesBuildPhase;
			buildActionMask = 2147483647;
			files = (
				EA52297F1EC76045006BB516 /* LaunchScreen.storyboard in Resources */,
				EA52297C1EC76045006BB516 /* Assets.xcassets in Resources */,
				EA52297A1EC76045006BB516 /* Main.storyboard in Resources */,
			);
			runOnlyForDeploymentPostprocessing = 0;
		};
/* End PBXResourcesBuildPhase section */

/* Begin PBXSourcesBuildPhase section */
		EA52296D1EC76045006BB516 /* Sources */ = {
			isa = PBXSourcesBuildPhase;
			buildActionMask = 2147483647;
			files = (
				EAFC32761EC8A100000AEE89 /* Reusable.swift in Sources */,
				EA5229771EC76045006BB516 /* ViewController.swift in Sources */,
				EAFC32731EC89EE1000AEE89 /* Nibloadable.swift in Sources */,
				EA5229751EC76045006BB516 /* AppDelegate.swift in Sources */,
			);
			runOnlyForDeploymentPostprocessing = 0;
		};
/* End PBXSourcesBuildPhase section */

/* Begin PBXVariantGroup section */
		EA5229781EC76045006BB516 /* Main.storyboard */ = {
			isa = PBXVariantGroup;
			children = (
				EA5229791EC76045006BB516 /* Base */,
			);
			name = Main.storyboard;
			sourceTree = "<group>";
		};
		EA52297D1EC76045006BB516 /* LaunchScreen.storyboard */ = {
			isa = PBXVariantGroup;
			children = (
				EA52297E1EC76045006BB516 /* Base */,
			);
			name = LaunchScreen.storyboard;
			sourceTree = "<group>";
		};
/* End PBXVariantGroup section */

/* Begin XCBuildConfiguration section */
		EA5229811EC76045006BB516 /* Debug */ = {
			isa = XCBuildConfiguration;
			buildSettings = {
				ALWAYS_SEARCH_USER_PATHS = NO;
				CLANG_ANALYZER_NONNULL = YES;
				CLANG_ANALYZER_NUMBER_OBJECT_CONVERSION = YES_AGGRESSIVE;
				CLANG_CXX_LANGUAGE_STANDARD = "gnu++0x";
				CLANG_CXX_LIBRARY = "libc++";
				CLANG_ENABLE_MODULES = YES;
				CLANG_ENABLE_OBJC_ARC = YES;
				CLANG_WARN_BOOL_CONVERSION = YES;
				CLANG_WARN_CONSTANT_CONVERSION = YES;
				CLANG_WARN_DIRECT_OBJC_ISA_USAGE = YES_ERROR;
				CLANG_WARN_DOCUMENTATION_COMMENTS = YES;
				CLANG_WARN_EMPTY_BODY = YES;
				CLANG_WARN_ENUM_CONVERSION = YES;
				CLANG_WARN_INFINITE_RECURSION = YES;
				CLANG_WARN_INT_CONVERSION = YES;
				CLANG_WARN_OBJC_ROOT_CLASS = YES_ERROR;
				CLANG_WARN_SUSPICIOUS_MOVE = YES;
				CLANG_WARN_UNREACHABLE_CODE = YES;
				CLANG_WARN__DUPLICATE_METHOD_MATCH = YES;
				"CODE_SIGN_IDENTITY[sdk=iphoneos*]" = "iPhone Developer";
				COPY_PHASE_STRIP = NO;
				DEBUG_INFORMATION_FORMAT = dwarf;
				ENABLE_STRICT_OBJC_MSGSEND = YES;
				ENABLE_TESTABILITY = YES;
				GCC_C_LANGUAGE_STANDARD = gnu99;
				GCC_DYNAMIC_NO_PIC = NO;
				GCC_NO_COMMON_BLOCKS = YES;
				GCC_OPTIMIZATION_LEVEL = 0;
				GCC_PREPROCESSOR_DEFINITIONS = (
					"DEBUG=1",
					"$(inherited)",
				);
				GCC_WARN_64_TO_32_BIT_CONVERSION = YES;
				GCC_WARN_ABOUT_RETURN_TYPE = YES_ERROR;
				GCC_WARN_UNDECLARED_SELECTOR = YES;
				GCC_WARN_UNINITIALIZED_AUTOS = YES_AGGRESSIVE;
				GCC_WARN_UNUSED_FUNCTION = YES;
				GCC_WARN_UNUSED_VARIABLE = YES;
				IPHONEOS_DEPLOYMENT_TARGET = 8.0;
				MTL_ENABLE_DEBUG_INFO = YES;
				ONLY_ACTIVE_ARCH = YES;
				SDKROOT = iphoneos;
				SWIFT_ACTIVE_COMPILATION_CONDITIONS = DEBUG;
				SWIFT_OPTIMIZATION_LEVEL = "-Onone";
			};
			name = Debug;
		};
		EA5229821EC76045006BB516 /* Release */ = {
			isa = XCBuildConfiguration;
			buildSettings = {
				ALWAYS_SEARCH_USER_PATHS = NO;
				CLANG_ANALYZER_NONNULL = YES;
				CLANG_ANALYZER_NUMBER_OBJECT_CONVERSION = YES_AGGRESSIVE;
				CLANG_CXX_LANGUAGE_STANDARD = "gnu++0x";
				CLANG_CXX_LIBRARY = "libc++";
				CLANG_ENABLE_MODULES = YES;
				CLANG_ENABLE_OBJC_ARC = YES;
				CLANG_WARN_BOOL_CONVERSION = YES;
				CLANG_WARN_CONSTANT_CONVERSION = YES;
				CLANG_WARN_DIRECT_OBJC_ISA_USAGE = YES_ERROR;
				CLANG_WARN_DOCUMENTATION_COMMENTS = YES;
				CLANG_WARN_EMPTY_BODY = YES;
				CLANG_WARN_ENUM_CONVERSION = YES;
				CLANG_WARN_INFINITE_RECURSION = YES;
				CLANG_WARN_INT_CONVERSION = YES;
				CLANG_WARN_OBJC_ROOT_CLASS = YES_ERROR;
				CLANG_WARN_SUSPICIOUS_MOVE = YES;
				CLANG_WARN_UNREACHABLE_CODE = YES;
				CLANG_WARN__DUPLICATE_METHOD_MATCH = YES;
				"CODE_SIGN_IDENTITY[sdk=iphoneos*]" = "iPhone Developer";
				COPY_PHASE_STRIP = NO;
				DEBUG_INFORMATION_FORMAT = "dwarf-with-dsym";
				ENABLE_NS_ASSERTIONS = NO;
				ENABLE_STRICT_OBJC_MSGSEND = YES;
				GCC_C_LANGUAGE_STANDARD = gnu99;
				GCC_NO_COMMON_BLOCKS = YES;
				GCC_WARN_64_TO_32_BIT_CONVERSION = YES;
				GCC_WARN_ABOUT_RETURN_TYPE = YES_ERROR;
				GCC_WARN_UNDECLARED_SELECTOR = YES;
				GCC_WARN_UNINITIALIZED_AUTOS = YES_AGGRESSIVE;
				GCC_WARN_UNUSED_FUNCTION = YES;
				GCC_WARN_UNUSED_VARIABLE = YES;
				IPHONEOS_DEPLOYMENT_TARGET = 8.0;
				MTL_ENABLE_DEBUG_INFO = NO;
				SDKROOT = iphoneos;
				SWIFT_OPTIMIZATION_LEVEL = "-Owholemodule";
				VALIDATE_PRODUCT = YES;
			};
			name = Release;
		};
		EA5229841EC76045006BB516 /* Debug */ = {
			isa = XCBuildConfiguration;
			buildSettings = {
				ASSETCATALOG_COMPILER_APPICON_NAME = AppIcon;
				DEVELOPMENT_TEAM = T868H8UY96;
				INFOPLIST_FILE = SwiftSugar/Info.plist;
				LD_RUNPATH_SEARCH_PATHS = "$(inherited) @executable_path/Frameworks";
				PRODUCT_BUNDLE_IDENTIFIER = com.bruceyuan.SwiftSugar;
				PRODUCT_NAME = "$(TARGET_NAME)";
				SWIFT_VERSION = 3.0;
			};
			name = Debug;
		};
		EA5229851EC76045006BB516 /* Release */ = {
			isa = XCBuildConfiguration;
			buildSettings = {
				ASSETCATALOG_COMPILER_APPICON_NAME = AppIcon;
				DEVELOPMENT_TEAM = T868H8UY96;
				INFOPLIST_FILE = SwiftSugar/Info.plist;
				LD_RUNPATH_SEARCH_PATHS = "$(inherited) @executable_path/Frameworks";
				PRODUCT_BUNDLE_IDENTIFIER = com.bruceyuan.SwiftSugar;
				PRODUCT_NAME = "$(TARGET_NAME)";
				SWIFT_VERSION = 3.0;
			};
			name = Release;
		};
/* End XCBuildConfiguration section */

/* Begin XCConfigurationList section */
		EA52296C1EC76045006BB516 /* Build configuration list for PBXProject "SwiftSugar" */ = {
			isa = XCConfigurationList;
			buildConfigurations = (
				EA5229811EC76045006BB516 /* Debug */,
				EA5229821EC76045006BB516 /* Release */,
			);
			defaultConfigurationIsVisible = 0;
			defaultConfigurationName = Release;
		};
		EA5229831EC76045006BB516 /* Build configuration list for PBXNativeTarget "SwiftSugar" */ = {
			isa = XCConfigurationList;
			buildConfigurations = (
				EA5229841EC76045006BB516 /* Debug */,
				EA5229851EC76045006BB516 /* Release */,
			);
			defaultConfigurationIsVisible = 0;
			defaultConfigurationName = Release;
		};
/* End XCConfigurationList section */
	};
	rootObject = EA5229691EC76045006BB516 /* Project object */;
}
